
Microsoft Visual Studio Solution File, Format Version 12.00
# Visual Studio Version 16
VisualStudioVersion = 16.0.32106.194
MinimumVisualStudioVersion = 10.0.40219.1
Project("{FAE04EC0-301F-11D3-BF4B-00C04F79EFBC}") = "session4", "session4\session4.csproj", "{F66227B5-379B-486C-8BC5-4E1C9EBA6BD3}"
EndProject
Global
	GlobalSection(SolutionConfigurationPlatforms) = preSolution
		Debug|Any CPU = Debug|Any CPU
		Release|Any CPU = Release|Any CPU
	EndGlobalSection
	GlobalSection(ProjectConfigurationPlatforms) = postSolution
		{F66227B5-379B-486C-8BC5-4E1C9EBA6BD3}.Debug|Any CPU.ActiveCfg = Debug|Any CPU
		{F66227B5-379B-486C-8BC5-4E1C9EBA6BD3}.Debug|Any CPU.Build.0 = Debug|Any CPU
		{F66227B5-379B-486C-8BC5-4E1C9EBA6BD3}.Release|Any CPU.ActiveCfg = Release|Any CPU
		{F66227B5-379B-486C-8BC5-4E1C9EBA6BD3}.Release|Any CPU.Build.0 = Release|Any CPU
	EndGlobalSection
	GlobalSection(SolutionProperties) = preSolution
		HideSolutionNode = FALSE
	EndGlobalSection
	GlobalSection(ExtensibilityGlobals) = postSolution
		SolutionGuid = {C3D115EC-4429-4076-8044-0917D92C7EC6}
	EndGlobalSection
EndGlobal
